// !$*UTF8*$!
{
	archiveVersion = 1;
	classes = {
	};
	objectVersion = 50;
	objects = {

/* Begin PBXBuildFile section */
		74860B97240E8E46006FF93B /* guitar.m4a in Resources */ = {isa = PBXBuildFile; fileRef = B27241AA240E443100F58A23 /* guitar.m4a */; };
		74860B99240E9B1D006FF93B /* Synth.aif in Resources */ = {isa = PBXBuildFile; fileRef = 74860B98240E9B1D006FF93B /* Synth.aif */; };
		74860B9A240E9B25006FF93B /* Synth.aif in Resources */ = {isa = PBXBuildFile; fileRef = 74860B98240E9B1D006FF93B /* Synth.aif */; };
		B26AE6C92408EAB900621829 /* AVAudioEngineTests.swift in Sources */ = {isa = PBXBuildFile; fileRef = B26AE6C82408EAB900621829 /* AVAudioEngineTests.swift */; };
		B27241AB240E443100F58A23 /* band.m4a in Resources */ = {isa = PBXBuildFile; fileRef = B27241A9240E443100F58A23 /* band.m4a */; };
		B27241AC240E443100F58A23 /* guitar.m4a in Resources */ = {isa = PBXBuildFile; fileRef = B27241AA240E443100F58A23 /* guitar.m4a */; };
		B272DD52243C325F007C4281 /* CARingBuffer.cpp in Sources */ = {isa = PBXBuildFile; fileRef = B272DD51243C325E007C4281 /* CARingBuffer.cpp */; };
		B28A78452407B25E00785F53 /* AppDelegate.m in Sources */ = {isa = PBXBuildFile; fileRef = B28A78442407B25E00785F53 /* AppDelegate.m */; };
		B28A78482407B25E00785F53 /* SceneDelegate.m in Sources */ = {isa = PBXBuildFile; fileRef = B28A78472407B25E00785F53 /* SceneDelegate.m */; };
		B28A784B2407B25E00785F53 /* ViewController.m in Sources */ = {isa = PBXBuildFile; fileRef = B28A784A2407B25E00785F53 /* ViewController.m */; };
		B28A784E2407B25E00785F53 /* Main.storyboard in Resources */ = {isa = PBXBuildFile; fileRef = B28A784C2407B25E00785F53 /* Main.storyboard */; };
		B28A78502407B26500785F53 /* Assets.xcassets in Resources */ = {isa = PBXBuildFile; fileRef = B28A784F2407B26500785F53 /* Assets.xcassets */; };
		B28A78532407B26500785F53 /* LaunchScreen.storyboard in Resources */ = {isa = PBXBuildFile; fileRef = B28A78512407B26500785F53 /* LaunchScreen.storyboard */; };
		B28A78562407B26500785F53 /* main.m in Sources */ = {isa = PBXBuildFile; fileRef = B28A78552407B26500785F53 /* main.m */; };
		B28A78602407B26500785F53 /* AudioEngineTests.mm in Sources */ = {isa = PBXBuildFile; fileRef = B28A785F2407B26500785F53 /* AudioEngineTests.mm */; };
		B28A786B2407B26500785F53 /* AudioEngineUITests.m in Sources */ = {isa = PBXBuildFile; fileRef = B28A786A2407B26500785F53 /* AudioEngineUITests.m */; };
		B2E1221B2411069600A3930F /* GSAudioMixerNode.mm in Sources */ = {isa = PBXBuildFile; fileRef = B2E122022411069600A3930F /* GSAudioMixerNode.mm */; };
		B2E1221C2411069600A3930F /* GSAudioIONode.mm in Sources */ = {isa = PBXBuildFile; fileRef = B2E122062411069600A3930F /* GSAudioIONode.mm */; };
		B2E1221D2411069600A3930F /* GSAudioEngine.mm in Sources */ = {isa = PBXBuildFile; fileRef = B2E122092411069600A3930F /* GSAudioEngine.mm */; };
		B2E1221E2411069600A3930F /* GSMixingDestination.m in Sources */ = {isa = PBXBuildFile; fileRef = B2E1220A2411069600A3930F /* GSMixingDestination.m */; };
		B2E1221F2411069600A3930F /* GSAudioNode.m in Sources */ = {isa = PBXBuildFile; fileRef = B2E1220D2411069600A3930F /* GSAudioNode.m */; };
		B2E122202411069600A3930F /* GSAudioOutputNode.mm in Sources */ = {isa = PBXBuildFile; fileRef = B2E1220E2411069600A3930F /* GSAudioOutputNode.mm */; };
		B2E122212411069600A3930F /* GSAudioUnit.mm in Sources */ = {isa = PBXBuildFile; fileRef = B2E122132411069600A3930F /* GSAudioUnit.mm */; };
		B2E122222411069600A3930F /* GSAudioPlayerNode.mm in Sources */ = {isa = PBXBuildFile; fileRef = B2E122182411069600A3930F /* GSAudioPlayerNode.mm */; };
		B2E122232411069600A3930F /* GSAudioInputNode.mm in Sources */ = {isa = PBXBuildFile; fileRef = B2E122192411069600A3930F /* GSAudioInputNode.mm */; };
/* End PBXBuildFile section */

/* Begin PBXContainerItemProxy section */
		B28A785C2407B26500785F53 /* PBXContainerItemProxy */ = {
			isa = PBXContainerItemProxy;
			containerPortal = B28A78382407B25E00785F53 /* Project object */;
			proxyType = 1;
			remoteGlobalIDString = B28A783F2407B25E00785F53;
			remoteInfo = AudioEngine;
		};
		B28A78672407B26500785F53 /* PBXContainerItemProxy */ = {
			isa = PBXContainerItemProxy;
			containerPortal = B28A78382407B25E00785F53 /* Project object */;
			proxyType = 1;
			remoteGlobalIDString = B28A783F2407B25E00785F53;
			remoteInfo = AudioEngine;
		};
/* End PBXContainerItemProxy section */

/* Begin PBXFileReference section */
		74460F2E2423C1A000DDA7E3 /* zh-Hans */ = {isa = PBXFileReference; lastKnownFileType = text.plist.strings; name = "zh-Hans"; path = "zh-Hans.lproj/LaunchScreen.strings"; sourceTree = "<group>"; };
		74860B98240E9B1D006FF93B /* Synth.aif */ = {isa = PBXFileReference; lastKnownFileType = file; path = Synth.aif; sourceTree = "<group>"; };
		B2106ED12411F4A10002044D /* GSAudioOutputNode+Private.h */ = {isa = PBXFileReference; lastKnownFileType = sourcecode.c.h; path = "GSAudioOutputNode+Private.h"; sourceTree = "<group>"; };
		B26AE6C72408EAB900621829 /* AudioEngineTests-Bridging-Header.h */ = {isa = PBXFileReference; lastKnownFileType = sourcecode.c.h; path = "AudioEngineTests-Bridging-Header.h"; sourceTree = "<group>"; };
		B26AE6C82408EAB900621829 /* AVAudioEngineTests.swift */ = {isa = PBXFileReference; lastKnownFileType = sourcecode.swift; path = AVAudioEngineTests.swift; sourceTree = "<group>"; };
		B27241A9240E443100F58A23 /* band.m4a */ = {isa = PBXFileReference; lastKnownFileType = file; path = band.m4a; sourceTree = "<group>"; };
		B27241AA240E443100F58A23 /* guitar.m4a */ = {isa = PBXFileReference; lastKnownFileType = file; path = guitar.m4a; sourceTree = "<group>"; };
		B272DD50243C325E007C4281 /* CARingBuffer.h */ = {isa = PBXFileReference; fileEncoding = 4; lastKnownFileType = sourcecode.c.h; path = CARingBuffer.h; sourceTree = "<group>"; };
		B272DD51243C325E007C4281 /* CARingBuffer.cpp */ = {isa = PBXFileReference; fileEncoding = 4; lastKnownFileType = sourcecode.cpp.cpp; path = CARingBuffer.cpp; sourceTree = "<group>"; };
		B28A78402407B25E00785F53 /* AudioEngine.app */ = {isa = PBXFileReference; explicitFileType = wrapper.application; includeInIndex = 0; path = AudioEngine.app; sourceTree = BUILT_PRODUCTS_DIR; };
		B28A78432407B25E00785F53 /* AppDelegate.h */ = {isa = PBXFileReference; lastKnownFileType = sourcecode.c.h; path = AppDelegate.h; sourceTree = "<group>"; };
		B28A78442407B25E00785F53 /* AppDelegate.m */ = {isa = PBXFileReference; lastKnownFileType = sourcecode.c.objc; path = AppDelegate.m; sourceTree = "<group>"; };
		B28A78462407B25E00785F53 /* SceneDelegate.h */ = {isa = PBXFileReference; lastKnownFileType = sourcecode.c.h; path = SceneDelegate.h; sourceTree = "<group>"; };
		B28A78472407B25E00785F53 /* SceneDelegate.m */ = {isa = PBXFileReference; lastKnownFileType = sourcecode.c.objc; path = SceneDelegate.m; sourceTree = "<group>"; };
		B28A78492407B25E00785F53 /* ViewController.h */ = {isa = PBXFileReference; lastKnownFileType = sourcecode.c.h; path = ViewController.h; sourceTree = "<group>"; };
		B28A784A2407B25E00785F53 /* ViewController.m */ = {isa = PBXFileReference; lastKnownFileType = sourcecode.c.objc; path = ViewController.m; sourceTree = "<group>"; };
		B28A784D2407B25E00785F53 /* Base */ = {isa = PBXFileReference; lastKnownFileType = file.storyboard; name = Base; path = Base.lproj/Main.storyboard; sourceTree = "<group>"; };
		B28A784F2407B26500785F53 /* Assets.xcassets */ = {isa = PBXFileReference; lastKnownFileType = folder.assetcatalog; path = Assets.xcassets; sourceTree = "<group>"; };
		B28A78522407B26500785F53 /* Base */ = {isa = PBXFileReference; lastKnownFileType = file.storyboard; name = Base; path = Base.lproj/LaunchScreen.storyboard; sourceTree = "<group>"; };
		B28A78542407B26500785F53 /* Info.plist */ = {isa = PBXFileReference; lastKnownFileType = text.plist.xml; path = Info.plist; sourceTree = "<group>"; };
		B28A78552407B26500785F53 /* main.m */ = {isa = PBXFileReference; lastKnownFileType = sourcecode.c.objc; path = main.m; sourceTree = "<group>"; };
		B28A785B2407B26500785F53 /* AudioEngineTests.xctest */ = {isa = PBXFileReference; explicitFileType = wrapper.cfbundle; includeInIndex = 0; path = AudioEngineTests.xctest; sourceTree = BUILT_PRODUCTS_DIR; };
		B28A785F2407B26500785F53 /* AudioEngineTests.mm */ = {isa = PBXFileReference; lastKnownFileType = sourcecode.cpp.objcpp; path = AudioEngineTests.mm; sourceTree = "<group>"; };
		B28A78612407B26500785F53 /* Info.plist */ = {isa = PBXFileReference; lastKnownFileType = text.plist.xml; path = Info.plist; sourceTree = "<group>"; };
		B28A78662407B26500785F53 /* AudioEngineUITests.xctest */ = {isa = PBXFileReference; explicitFileType = wrapper.cfbundle; includeInIndex = 0; path = AudioEngineUITests.xctest; sourceTree = BUILT_PRODUCTS_DIR; };
		B28A786A2407B26500785F53 /* AudioEngineUITests.m */ = {isa = PBXFileReference; lastKnownFileType = sourcecode.c.objc; path = AudioEngineUITests.m; sourceTree = "<group>"; };
		B28A786C2407B26500785F53 /* Info.plist */ = {isa = PBXFileReference; lastKnownFileType = text.plist.xml; path = Info.plist; sourceTree = "<group>"; };
		B28A78A72408BFC600785F53 /* libc++.tbd */ = {isa = PBXFileReference; lastKnownFileType = "sourcecode.text-based-dylib-definition"; name = "libc++.tbd"; path = "usr/lib/libc++.tbd"; sourceTree = SDKROOT; };
		B2AE4CA724172F700000A08A /* AudioData.h */ = {isa = PBXFileReference; lastKnownFileType = sourcecode.c.h; path = AudioData.h; sourceTree = "<group>"; };
		B2E122012411069600A3930F /* GSAudioUnit.h */ = {isa = PBXFileReference; fileEncoding = 4; lastKnownFileType = sourcecode.c.h; path = GSAudioUnit.h; sourceTree = "<group>"; };
		B2E122022411069600A3930F /* GSAudioMixerNode.mm */ = {isa = PBXFileReference; fileEncoding = 4; lastKnownFileType = sourcecode.cpp.objcpp; path = GSAudioMixerNode.mm; sourceTree = "<group>"; };
		B2E122032411069600A3930F /* GSAudioNode.h */ = {isa = PBXFileReference; fileEncoding = 4; lastKnownFileType = sourcecode.c.h; path = GSAudioNode.h; sourceTree = "<group>"; };
		B2E122042411069600A3930F /* GSAudioOutputNode.h */ = {isa = PBXFileReference; fileEncoding = 4; lastKnownFileType = sourcecode.c.h; path = GSAudioOutputNode.h; sourceTree = "<group>"; };
		B2E122052411069600A3930F /* GSAudioEngine.h */ = {isa = PBXFileReference; fileEncoding = 4; lastKnownFileType = sourcecode.c.h; path = GSAudioEngine.h; sourceTree = "<group>"; };
		B2E122062411069600A3930F /* GSAudioIONode.mm */ = {isa = PBXFileReference; fileEncoding = 4; lastKnownFileType = sourcecode.cpp.objcpp; path = GSAudioIONode.mm; sourceTree = "<group>"; };
		B2E122072411069600A3930F /* GSAudioNode+Private.h */ = {isa = PBXFileReference; fileEncoding = 4; lastKnownFileType = sourcecode.c.h; path = "GSAudioNode+Private.h"; sourceTree = "<group>"; };
		B2E122082411069600A3930F /* GSAudioInputNode.h */ = {isa = PBXFileReference; fileEncoding = 4; lastKnownFileType = sourcecode.c.h; path = GSAudioInputNode.h; sourceTree = "<group>"; };
		B2E122092411069600A3930F /* GSAudioEngine.mm */ = {isa = PBXFileReference; fileEncoding = 4; lastKnownFileType = sourcecode.cpp.objcpp; path = GSAudioEngine.mm; sourceTree = "<group>"; };
		B2E1220A2411069600A3930F /* GSMixingDestination.m */ = {isa = PBXFileReference; fileEncoding = 4; lastKnownFileType = sourcecode.c.objc; path = GSMixingDestination.m; sourceTree = "<group>"; };
		B2E1220B2411069600A3930F /* GSAudioTypes.h */ = {isa = PBXFileReference; fileEncoding = 4; lastKnownFileType = sourcecode.c.h; path = GSAudioTypes.h; sourceTree = "<group>"; };
		B2E1220C2411069600A3930F /* GSAudioEngineStructures.h */ = {isa = PBXFileReference; fileEncoding = 4; lastKnownFileType = sourcecode.c.h; path = GSAudioEngineStructures.h; sourceTree = "<group>"; };
		B2E1220D2411069600A3930F /* GSAudioNode.m */ = {isa = PBXFileReference; fileEncoding = 4; lastKnownFileType = sourcecode.c.objc; path = GSAudioNode.m; sourceTree = "<group>"; };
		B2E1220E2411069600A3930F /* GSAudioOutputNode.mm */ = {isa = PBXFileReference; fileEncoding = 4; lastKnownFileType = sourcecode.cpp.objcpp; path = GSAudioOutputNode.mm; sourceTree = "<group>"; };
		B2E1220F2411069600A3930F /* GSAudioMixerNode.h */ = {isa = PBXFileReference; fileEncoding = 4; lastKnownFileType = sourcecode.c.h; path = GSAudioMixerNode.h; sourceTree = "<group>"; };
		B2E122102411069600A3930F /* GSAudioPlayerNode.h */ = {isa = PBXFileReference; fileEncoding = 4; lastKnownFileType = sourcecode.c.h; path = GSAudioPlayerNode.h; sourceTree = "<group>"; };
		B2E122112411069600A3930F /* GSAudioIONode.h */ = {isa = PBXFileReference; fileEncoding = 4; lastKnownFileType = sourcecode.c.h; path = GSAudioIONode.h; sourceTree = "<group>"; };
		B2E122122411069600A3930F /* GSMixingVolumeControllable.h */ = {isa = PBXFileReference; fileEncoding = 4; lastKnownFileType = sourcecode.c.h; path = GSMixingVolumeControllable.h; sourceTree = "<group>"; };
		B2E122132411069600A3930F /* GSAudioUnit.mm */ = {isa = PBXFileReference; fileEncoding = 4; lastKnownFileType = sourcecode.cpp.objcpp; path = GSAudioUnit.mm; sourceTree = "<group>"; };
		B2E122142411069600A3930F /* GSAudioInputNode+Private.h */ = {isa = PBXFileReference; fileEncoding = 4; lastKnownFileType = sourcecode.c.h; path = "GSAudioInputNode+Private.h"; sourceTree = "<group>"; };
		B2E122152411069600A3930F /* GSMixingDestination.h */ = {isa = PBXFileReference; fileEncoding = 4; lastKnownFileType = sourcecode.c.h; path = GSMixingDestination.h; sourceTree = "<group>"; };
		B2E122162411069600A3930F /* GSAudioNodeDelegate.h */ = {isa = PBXFileReference; fileEncoding = 4; lastKnownFileType = sourcecode.c.h; path = GSAudioNodeDelegate.h; sourceTree = "<group>"; };
		B2E122172411069600A3930F /* GSAudioUnit+Private.h */ = {isa = PBXFileReference; fileEncoding = 4; lastKnownFileType = sourcecode.c.h; path = "GSAudioUnit+Private.h"; sourceTree = "<group>"; };
		B2E122182411069600A3930F /* GSAudioPlayerNode.mm */ = {isa = PBXFileReference; fileEncoding = 4; lastKnownFileType = sourcecode.cpp.objcpp; path = GSAudioPlayerNode.mm; sourceTree = "<group>"; };
		B2E122192411069600A3930F /* GSAudioInputNode.mm */ = {isa = PBXFileReference; fileEncoding = 4; lastKnownFileType = sourcecode.cpp.objcpp; path = GSAudioInputNode.mm; sourceTree = "<group>"; };
		B2E1221A2411069600A3930F /* GSAudioMixing.h */ = {isa = PBXFileReference; fileEncoding = 4; lastKnownFileType = sourcecode.c.h; path = GSAudioMixing.h; sourceTree = "<group>"; };
/* End PBXFileReference section */

/* Begin PBXFrameworksBuildPhase section */
		B28A783D2407B25E00785F53 /* Frameworks */ = {
			isa = PBXFrameworksBuildPhase;
			buildActionMask = 2147483647;
			files = (
			);
			runOnlyForDeploymentPostprocessing = 0;
		};
		B28A78582407B26500785F53 /* Frameworks */ = {
			isa = PBXFrameworksBuildPhase;
			buildActionMask = 2147483647;
			files = (
			);
			runOnlyForDeploymentPostprocessing = 0;
		};
		B28A78632407B26500785F53 /* Frameworks */ = {
			isa = PBXFrameworksBuildPhase;
			buildActionMask = 2147483647;
			files = (
			);
			runOnlyForDeploymentPostprocessing = 0;
		};
/* End PBXFrameworksBuildPhase section */

/* Begin PBXGroup section */
		B272DD4F243C325E007C4281 /* PublicUtility */ = {
			isa = PBXGroup;
			children = (
				B272DD50243C325E007C4281 /* CARingBuffer.h */,
				B272DD51243C325E007C4281 /* CARingBuffer.cpp */,
			);
			path = PublicUtility;
			sourceTree = "<group>";
		};
		B28A78372407B25E00785F53 = {
			isa = PBXGroup;
			children = (
				B28A78422407B25E00785F53 /* AudioEngine */,
				B28A785E2407B26500785F53 /* AudioEngineTests */,
				B28A78692407B26500785F53 /* AudioEngineUITests */,
				B28A78412407B25E00785F53 /* Products */,
				B28A78A62408BFC600785F53 /* Frameworks */,
			);
			sourceTree = "<group>";
		};
		B28A78412407B25E00785F53 /* Products */ = {
			isa = PBXGroup;
			children = (
				B28A78402407B25E00785F53 /* AudioEngine.app */,
				B28A785B2407B26500785F53 /* AudioEngineTests.xctest */,
				B28A78662407B26500785F53 /* AudioEngineUITests.xctest */,
			);
			name = Products;
			sourceTree = "<group>";
		};
		B28A78422407B25E00785F53 /* AudioEngine */ = {
			isa = PBXGroup;
			children = (
				B272DD4F243C325E007C4281 /* PublicUtility */,
				B2E122002411069600A3930F /* engine */,
				B28A787D2407B51400785F53 /* resources */,
				B28A78432407B25E00785F53 /* AppDelegate.h */,
				B28A78442407B25E00785F53 /* AppDelegate.m */,
				B28A78462407B25E00785F53 /* SceneDelegate.h */,
				B28A78472407B25E00785F53 /* SceneDelegate.m */,
				B28A78492407B25E00785F53 /* ViewController.h */,
				B28A784A2407B25E00785F53 /* ViewController.m */,
				B28A784C2407B25E00785F53 /* Main.storyboard */,
				B28A784F2407B26500785F53 /* Assets.xcassets */,
				B28A78512407B26500785F53 /* LaunchScreen.storyboard */,
				B28A78542407B26500785F53 /* Info.plist */,
				B28A78552407B26500785F53 /* main.m */,
			);
			path = AudioEngine;
			sourceTree = "<group>";
		};
		B28A785E2407B26500785F53 /* AudioEngineTests */ = {
			isa = PBXGroup;
			children = (
				B28A785F2407B26500785F53 /* AudioEngineTests.mm */,
				B26AE6C82408EAB900621829 /* AVAudioEngineTests.swift */,
				B28A78612407B26500785F53 /* Info.plist */,
				B26AE6C72408EAB900621829 /* AudioEngineTests-Bridging-Header.h */,
				B2AE4CA724172F700000A08A /* AudioData.h */,
			);
			path = AudioEngineTests;
			sourceTree = "<group>";
		};
		B28A78692407B26500785F53 /* AudioEngineUITests */ = {
			isa = PBXGroup;
			children = (
				B28A786A2407B26500785F53 /* AudioEngineUITests.m */,
				B28A786C2407B26500785F53 /* Info.plist */,
			);
			path = AudioEngineUITests;
			sourceTree = "<group>";
		};
		B28A787D2407B51400785F53 /* resources */ = {
			isa = PBXGroup;
			children = (
				74860B98240E9B1D006FF93B /* Synth.aif */,
				B27241A9240E443100F58A23 /* band.m4a */,
				B27241AA240E443100F58A23 /* guitar.m4a */,
			);
			path = resources;
			sourceTree = "<group>";
		};
		B28A78A62408BFC600785F53 /* Frameworks */ = {
			isa = PBXGroup;
			children = (
				B28A78A72408BFC600785F53 /* libc++.tbd */,
			);
			name = Frameworks;
			sourceTree = "<group>";
		};
		B2E122002411069600A3930F /* engine */ = {
			isa = PBXGroup;
			children = (
				B2E1220B2411069600A3930F /* GSAudioTypes.h */,
				B2E122012411069600A3930F /* GSAudioUnit.h */,
				B2E122132411069600A3930F /* GSAudioUnit.mm */,
				B2E122172411069600A3930F /* GSAudioUnit+Private.h */,
				B2E1220C2411069600A3930F /* GSAudioEngineStructures.h */,
				B2E122032411069600A3930F /* GSAudioNode.h */,
				B2E1220D2411069600A3930F /* GSAudioNode.m */,
				B2E122072411069600A3930F /* GSAudioNode+Private.h */,
				B2E122162411069600A3930F /* GSAudioNodeDelegate.h */,
				B2E122122411069600A3930F /* GSMixingVolumeControllable.h */,
				B2E1220F2411069600A3930F /* GSAudioMixerNode.h */,
				B2E122022411069600A3930F /* GSAudioMixerNode.mm */,
				B2E1221A2411069600A3930F /* GSAudioMixing.h */,
				B2E122102411069600A3930F /* GSAudioPlayerNode.h */,
				B2E122182411069600A3930F /* GSAudioPlayerNode.mm */,
				B2E122112411069600A3930F /* GSAudioIONode.h */,
				B2E122062411069600A3930F /* GSAudioIONode.mm */,
				B2E122082411069600A3930F /* GSAudioInputNode.h */,
				B2E122192411069600A3930F /* GSAudioInputNode.mm */,
				B2E122142411069600A3930F /* GSAudioInputNode+Private.h */,
				B2E122042411069600A3930F /* GSAudioOutputNode.h */,
				B2E1220E2411069600A3930F /* GSAudioOutputNode.mm */,
				B2106ED12411F4A10002044D /* GSAudioOutputNode+Private.h */,
				B2E122152411069600A3930F /* GSMixingDestination.h */,
				B2E1220A2411069600A3930F /* GSMixingDestination.m */,
				B2E122052411069600A3930F /* GSAudioEngine.h */,
				B2E122092411069600A3930F /* GSAudioEngine.mm */,
			);
			path = engine;
			sourceTree = "<group>";
		};
/* End PBXGroup section */

/* Begin PBXNativeTarget section */
		B28A783F2407B25E00785F53 /* AudioEngine */ = {
			isa = PBXNativeTarget;
			buildConfigurationList = B28A786F2407B26500785F53 /* Build configuration list for PBXNativeTarget "AudioEngine" */;
			buildPhases = (
				B28A783C2407B25E00785F53 /* Sources */,
				B28A783D2407B25E00785F53 /* Frameworks */,
				B28A783E2407B25E00785F53 /* Resources */,
			);
			buildRules = (
			);
			dependencies = (
			);
			name = AudioEngine;
			productName = AudioEngine;
			productReference = B28A78402407B25E00785F53 /* AudioEngine.app */;
			productType = "com.apple.product-type.application";
		};
		B28A785A2407B26500785F53 /* AudioEngineTests */ = {
			isa = PBXNativeTarget;
			buildConfigurationList = B28A78722407B26500785F53 /* Build configuration list for PBXNativeTarget "AudioEngineTests" */;
			buildPhases = (
				B28A78572407B26500785F53 /* Sources */,
				B28A78582407B26500785F53 /* Frameworks */,
				B28A78592407B26500785F53 /* Resources */,
			);
			buildRules = (
			);
			dependencies = (
				B28A785D2407B26500785F53 /* PBXTargetDependency */,
			);
			name = AudioEngineTests;
			productName = AudioEngineTests;
			productReference = B28A785B2407B26500785F53 /* AudioEngineTests.xctest */;
			productType = "com.apple.product-type.bundle.unit-test";
		};
		B28A78652407B26500785F53 /* AudioEngineUITests */ = {
			isa = PBXNativeTarget;
			buildConfigurationList = B28A78752407B26500785F53 /* Build configuration list for PBXNativeTarget "AudioEngineUITests" */;
			buildPhases = (
				B28A78622407B26500785F53 /* Sources */,
				B28A78632407B26500785F53 /* Frameworks */,
				B28A78642407B26500785F53 /* Resources */,
			);
			buildRules = (
			);
			dependencies = (
				B28A78682407B26500785F53 /* PBXTargetDependency */,
			);
			name = AudioEngineUITests;
			productName = AudioEngineUITests;
			productReference = B28A78662407B26500785F53 /* AudioEngineUITests.xctest */;
			productType = "com.apple.product-type.bundle.ui-testing";
		};
/* End PBXNativeTarget section */

/* Begin PBXProject section */
		B28A78382407B25E00785F53 /* Project object */ = {
			isa = PBXProject;
			attributes = {
				LastUpgradeCheck = 1130;
				ORGANIZATIONNAME = rongcloud;
				TargetAttributes = {
					B28A783F2407B25E00785F53 = {
						CreatedOnToolsVersion = 11.3.1;
					};
					B28A785A2407B26500785F53 = {
						CreatedOnToolsVersion = 11.3.1;
						LastSwiftMigration = 1130;
						TestTargetID = B28A783F2407B25E00785F53;
					};
					B28A78652407B26500785F53 = {
						CreatedOnToolsVersion = 11.3.1;
						TestTargetID = B28A783F2407B25E00785F53;
					};
				};
			};
			buildConfigurationList = B28A783B2407B25E00785F53 /* Build configuration list for PBXProject "AudioEngine" */;
			compatibilityVersion = "Xcode 9.3";
			developmentRegion = en;
			hasScannedForEncodings = 0;
			knownRegions = (
				en,
				Base,
				"zh-Hans",
			);
			mainGroup = B28A78372407B25E00785F53;
			productRefGroup = B28A78412407B25E00785F53 /* Products */;
			projectDirPath = "";
			projectRoot = "";
			targets = (
				B28A783F2407B25E00785F53 /* AudioEngine */,
				B28A785A2407B26500785F53 /* AudioEngineTests */,
				B28A78652407B26500785F53 /* AudioEngineUITests */,
			);
		};
/* End PBXProject section */

/* Begin PBXResourcesBuildPhase section */
		B28A783E2407B25E00785F53 /* Resources */ = {
			isa = PBXResourcesBuildPhase;
			buildActionMask = 2147483647;
			files = (
				B27241AC240E443100F58A23 /* guitar.m4a in Resources */,
				B28A78532407B26500785F53 /* LaunchScreen.storyboard in Resources */,
				B27241AB240E443100F58A23 /* band.m4a in Resources */,
				B28A78502407B26500785F53 /* Assets.xcassets in Resources */,
				B28A784E2407B25E00785F53 /* Main.storyboard in Resources */,
				74860B99240E9B1D006FF93B /* Synth.aif in Resources */,
			);
			runOnlyForDeploymentPostprocessing = 0;
		};
		B28A78592407B26500785F53 /* Resources */ = {
			isa = PBXResourcesBuildPhase;
			buildActionMask = 2147483647;
			files = (
				74860B9A240E9B25006FF93B /* Synth.aif in Resources */,
				74860B97240E8E46006FF93B /* guitar.m4a in Resources */,
			);
			runOnlyForDeploymentPostprocessing = 0;
		};
		B28A78642407B26500785F53 /* Resources */ = {
			isa = PBXResourcesBuildPhase;
			buildActionMask = 2147483647;
			files = (
			);
			runOnlyForDeploymentPostprocessing = 0;
		};
/* End PBXResourcesBuildPhase section */

/* Begin PBXSourcesBuildPhase section */
		B28A783C2407B25E00785F53 /* Sources */ = {
			isa = PBXSourcesBuildPhase;
			buildActionMask = 2147483647;
			files = (
				B2E1221E2411069600A3930F /* GSMixingDestination.m in Sources */,
				B28A784B2407B25E00785F53 /* ViewController.m in Sources */,
				B2E1221F2411069600A3930F /* GSAudioNode.m in Sources */,
				B272DD52243C325F007C4281 /* CARingBuffer.cpp in Sources */,
				B28A78452407B25E00785F53 /* AppDelegate.m in Sources */,
				B2E122232411069600A3930F /* GSAudioInputNode.mm in Sources */,
				B2E1221C2411069600A3930F /* GSAudioIONode.mm in Sources */,
				B2E1221D2411069600A3930F /* GSAudioEngine.mm in Sources */,
				B28A78562407B26500785F53 /* main.m in Sources */,
				B2E122222411069600A3930F /* GSAudioPlayerNode.mm in Sources */,
				B28A78482407B25E00785F53 /* SceneDelegate.m in Sources */,
				B2E1221B2411069600A3930F /* GSAudioMixerNode.mm in Sources */,
				B2E122202411069600A3930F /* GSAudioOutputNode.mm in Sources */,
				B2E122212411069600A3930F /* GSAudioUnit.mm in Sources */,
			);
			runOnlyForDeploymentPostprocessing = 0;
		};
		B28A78572407B26500785F53 /* Sources */ = {
			isa = PBXSourcesBuildPhase;
			buildActionMask = 2147483647;
			files = (
				B28A78602407B26500785F53 /* AudioEngineTests.mm in Sources */,
				B26AE6C92408EAB900621829 /* AVAudioEngineTests.swift in Sources */,
			);
			runOnlyForDeploymentPostprocessing = 0;
		};
		B28A78622407B26500785F53 /* Sources */ = {
			isa = PBXSourcesBuildPhase;
			buildActionMask = 2147483647;
			files = (
				B28A786B2407B26500785F53 /* AudioEngineUITests.m in Sources */,
			);
			runOnlyForDeploymentPostprocessing = 0;
		};
/* End PBXSourcesBuildPhase section */

/* Begin PBXTargetDependency section */
		B28A785D2407B26500785F53 /* PBXTargetDependency */ = {
			isa = PBXTargetDependency;
			target = B28A783F2407B25E00785F53 /* AudioEngine */;
			targetProxy = B28A785C2407B26500785F53 /* PBXContainerItemProxy */;
		};
		B28A78682407B26500785F53 /* PBXTargetDependency */ = {
			isa = PBXTargetDependency;
			target = B28A783F2407B25E00785F53 /* AudioEngine */;
			targetProxy = B28A78672407B26500785F53 /* PBXContainerItemProxy */;
		};
/* End PBXTargetDependency section */

/* Begin PBXVariantGroup section */
		B28A784C2407B25E00785F53 /* Main.storyboard */ = {
			isa = PBXVariantGroup;
			children = (
				B28A784D2407B25E00785F53 /* Base */,
			);
			name = Main.storyboard;
			sourceTree = "<group>";
		};
		B28A78512407B26500785F53 /* LaunchScreen.storyboard */ = {
			isa = PBXVariantGroup;
			children = (
				B28A78522407B26500785F53 /* Base */,
				74460F2E2423C1A000DDA7E3 /* zh-Hans */,
			);
			name = LaunchScreen.storyboard;
			sourceTree = "<group>";
		};
/* End PBXVariantGroup section */

/* Begin XCBuildConfiguration section */
		B28A786D2407B26500785F53 /* Debug */ = {
			isa = XCBuildConfiguration;
			buildSettings = {
				ALWAYS_SEARCH_USER_PATHS = NO;
				CLANG_ANALYZER_LOCALIZABILITY_NONLOCALIZED = YES;
				CLANG_ANALYZER_NONNULL = YES;
				CLANG_ANALYZER_NUMBER_OBJECT_CONVERSION = YES_AGGRESSIVE;
				CLANG_CXX_LANGUAGE_STANDARD = "gnu++14";
				CLANG_CXX_LIBRARY = "libc++";
				CLANG_ENABLE_MODULES = YES;
				CLANG_ENABLE_OBJC_ARC = YES;
				CLANG_ENABLE_OBJC_WEAK = YES;
				CLANG_WARN_BLOCK_CAPTURE_AUTORELEASING = YES;
				CLANG_WARN_BOOL_CONVERSION = YES;
				CLANG_WARN_COMMA = YES;
				CLANG_WARN_CONSTANT_CONVERSION = YES;
				CLANG_WARN_DEPRECATED_OBJC_IMPLEMENTATIONS = YES;
				CLANG_WARN_DIRECT_OBJC_ISA_USAGE = YES_ERROR;
				CLANG_WARN_DOCUMENTATION_COMMENTS = YES;
				CLANG_WARN_EMPTY_BODY = YES;
				CLANG_WARN_ENUM_CONVERSION = YES;
				CLANG_WARN_INFINITE_RECURSION = YES;
				CLANG_WARN_INT_CONVERSION = YES;
				CLANG_WARN_NON_LITERAL_NULL_CONVERSION = YES;
				CLANG_WARN_OBJC_IMPLICIT_RETAIN_SELF = YES;
				CLANG_WARN_OBJC_LITERAL_CONVERSION = YES;
				CLANG_WARN_OBJC_ROOT_CLASS = YES_ERROR;
				CLANG_WARN_RANGE_LOOP_ANALYSIS = YES;
				CLANG_WARN_STRICT_PROTOTYPES = YES;
				CLANG_WARN_SUSPICIOUS_MOVE = YES;
				CLANG_WARN_UNGUARDED_AVAILABILITY = YES_AGGRESSIVE;
				CLANG_WARN_UNREACHABLE_CODE = YES;
				CLANG_WARN__DUPLICATE_METHOD_MATCH = YES;
				COPY_PHASE_STRIP = NO;
				DEBUG_INFORMATION_FORMAT = dwarf;
				ENABLE_STRICT_OBJC_MSGSEND = YES;
				ENABLE_TESTABILITY = YES;
				GCC_C_LANGUAGE_STANDARD = gnu11;
				GCC_DYNAMIC_NO_PIC = NO;
				GCC_NO_COMMON_BLOCKS = YES;
				GCC_OPTIMIZATION_LEVEL = 0;
				GCC_PREPROCESSOR_DEFINITIONS = (
					"DEBUG=1",
					"$(inherited)",
				);
				GCC_WARN_64_TO_32_BIT_CONVERSION = YES;
				GCC_WARN_ABOUT_RETURN_TYPE = YES_ERROR;
				GCC_WARN_UNDECLARED_SELECTOR = YES;
				GCC_WARN_UNINITIALIZED_AUTOS = YES_AGGRESSIVE;
				GCC_WARN_UNUSED_FUNCTION = YES;
				GCC_WARN_UNUSED_VARIABLE = YES;
				IPHONEOS_DEPLOYMENT_TARGET = 13.2;
				MTL_ENABLE_DEBUG_INFO = INCLUDE_SOURCE;
				MTL_FAST_MATH = YES;
				ONLY_ACTIVE_ARCH = YES;
				SDKROOT = iphoneos;
			};
			name = Debug;
		};
		B28A786E2407B26500785F53 /* Release */ = {
			isa = XCBuildConfiguration;
			buildSettings = {
				ALWAYS_SEARCH_USER_PATHS = NO;
				CLANG_ANALYZER_LOCALIZABILITY_NONLOCALIZED = YES;
				CLANG_ANALYZER_NONNULL = YES;
				CLANG_ANALYZER_NUMBER_OBJECT_CONVERSION = YES_AGGRESSIVE;
				CLANG_CXX_LANGUAGE_STANDARD = "gnu++14";
				CLANG_CXX_LIBRARY = "libc++";
				CLANG_ENABLE_MODULES = YES;
				CLANG_ENABLE_OBJC_ARC = YES;
				CLANG_ENABLE_OBJC_WEAK = YES;
				CLANG_WARN_BLOCK_CAPTURE_AUTORELEASING = YES;
				CLANG_WARN_BOOL_CONVERSION = YES;
				CLANG_WARN_COMMA = YES;
				CLANG_WARN_CONSTANT_CONVERSION = YES;
				CLANG_WARN_DEPRECATED_OBJC_IMPLEMENTATIONS = YES;
				CLANG_WARN_DIRECT_OBJC_ISA_USAGE = YES_ERROR;
				CLANG_WARN_DOCUMENTATION_COMMENTS = YES;
				CLANG_WARN_EMPTY_BODY = YES;
				CLANG_WARN_ENUM_CONVERSION = YES;
				CLANG_WARN_INFINITE_RECURSION = YES;
				CLANG_WARN_INT_CONVERSION = YES;
				CLANG_WARN_NON_LITERAL_NULL_CONVERSION = YES;
				CLANG_WARN_OBJC_IMPLICIT_RETAIN_SELF = YES;
				CLANG_WARN_OBJC_LITERAL_CONVERSION = YES;
				CLANG_WARN_OBJC_ROOT_CLASS = YES_ERROR;
				CLANG_WARN_RANGE_LOOP_ANALYSIS = YES;
				CLANG_WARN_STRICT_PROTOTYPES = YES;
				CLANG_WARN_SUSPICIOUS_MOVE = YES;
				CLANG_WARN_UNGUARDED_AVAILABILITY = YES_AGGRESSIVE;
				CLANG_WARN_UNREACHABLE_CODE = YES;
				CLANG_WARN__DUPLICATE_METHOD_MATCH = YES;
				COPY_PHASE_STRIP = NO;
				DEBUG_INFORMATION_FORMAT = "dwarf-with-dsym";
				ENABLE_NS_ASSERTIONS = NO;
				ENABLE_STRICT_OBJC_MSGSEND = YES;
				GCC_C_LANGUAGE_STANDARD = gnu11;
				GCC_NO_COMMON_BLOCKS = YES;
				GCC_WARN_64_TO_32_BIT_CONVERSION = YES;
				GCC_WARN_ABOUT_RETURN_TYPE = YES_ERROR;
				GCC_WARN_UNDECLARED_SELECTOR = YES;
				GCC_WARN_UNINITIALIZED_AUTOS = YES_AGGRESSIVE;
				GCC_WARN_UNUSED_FUNCTION = YES;
				GCC_WARN_UNUSED_VARIABLE = YES;
				IPHONEOS_DEPLOYMENT_TARGET = 13.2;
				MTL_ENABLE_DEBUG_INFO = NO;
				MTL_FAST_MATH = YES;
				SDKROOT = iphoneos;
				VALIDATE_PRODUCT = YES;
			};
			name = Release;
		};
		B28A78702407B26500785F53 /* Debug */ = {
			isa = XCBuildConfiguration;
			buildSettings = {
				ASSETCATALOG_COMPILER_APPICON_NAME = AppIcon;
				CODE_SIGN_STYLE = Automatic;
				DEVELOPMENT_TEAM = 9CVMN4UZK4;
				GCC_INPUT_FILETYPE = automatic;
				INFOPLIST_FILE = AudioEngine/Info.plist;
				IPHONEOS_DEPLOYMENT_TARGET = 9.0;
				LD_RUNPATH_SEARCH_PATHS = (
					"$(inherited)",
					"@executable_path/Frameworks",
				);
				PRODUCT_BUNDLE_IDENTIFIER = cn.rongcloud.AudioEngine;
				PRODUCT_NAME = "$(TARGET_NAME)";
				TARGETED_DEVICE_FAMILY = "1,2";
			};
			name = Debug;
		};
		B28A78712407B26500785F53 /* Release */ = {
			isa = XCBuildConfiguration;
			buildSettings = {
				ASSETCATALOG_COMPILER_APPICON_NAME = AppIcon;
				CODE_SIGN_STYLE = Automatic;
				DEVELOPMENT_TEAM = 9CVMN4UZK4;
				GCC_INPUT_FILETYPE = automatic;
				INFOPLIST_FILE = AudioEngine/Info.plist;
				IPHONEOS_DEPLOYMENT_TARGET = 9.0;
				LD_RUNPATH_SEARCH_PATHS = (
					"$(inherited)",
					"@executable_path/Frameworks",
				);
				PRODUCT_BUNDLE_IDENTIFIER = cn.rongcloud.AudioEngine;
				PRODUCT_NAME = "$(TARGET_NAME)";
				TARGETED_DEVICE_FAMILY = "1,2";
			};
			name = Release;
		};
		B28A78732407B26500785F53 /* Debug */ = {
			isa = XCBuildConfiguration;
			buildSettings = {
				BUNDLE_LOADER = "$(TEST_HOST)";
				CLANG_ENABLE_MODULES = YES;
				CODE_SIGN_STYLE = Automatic;
				DEVELOPMENT_TEAM = 9CVMN4UZK4;
				INFOPLIST_FILE = AudioEngineTests/Info.plist;
				IPHONEOS_DEPLOYMENT_TARGET = 13.2;
				LD_RUNPATH_SEARCH_PATHS = (
					"$(inherited)",
					"@executable_path/Frameworks",
					"@loader_path/Frameworks",
				);
				PRODUCT_BUNDLE_IDENTIFIER = cn.rongcloud.AudioEngineTests;
				PRODUCT_NAME = "$(TARGET_NAME)";
				SWIFT_OBJC_BRIDGING_HEADER = "AudioEngineTests/AudioEngineTests-Bridging-Header.h";
				SWIFT_OPTIMIZATION_LEVEL = "-Onone";
				SWIFT_VERSION = 5.0;
				TARGETED_DEVICE_FAMILY = "1,2";
				TEST_HOST = "$(BUILT_PRODUCTS_DIR)/AudioEngine.app/AudioEngine";
			};
			name = Debug;
		};
		B28A78742407B26500785F53 /* Release */ = {
			isa = XCBuildConfiguration;
			buildSettings = {
				BUNDLE_LOADER = "$(TEST_HOST)";
				CLANG_ENABLE_MODULES = YES;
				CODE_SIGN_STYLE = Automatic;
				DEVELOPMENT_TEAM = 9CVMN4UZK4;
				INFOPLIST_FILE = AudioEngineTests/Info.plist;
				IPHONEOS_DEPLOYMENT_TARGET = 13.2;
				LD_RUNPATH_SEARCH_PATHS = (
					"$(inherited)",
					"@executable_path/Frameworks",
					"@loader_path/Frameworks",
				);
				PRODUCT_BUNDLE_IDENTIFIER = cn.rongcloud.AudioEngineTests;
				PRODUCT_NAME = "$(TARGET_NAME)";
				SWIFT_OBJC_BRIDGING_HEADER = "AudioEngineTests/AudioEngineTests-Bridging-Header.h";
				SWIFT_VERSION = 5.0;
				TARGETED_DEVICE_FAMILY = "1,2";
				TEST_HOST = "$(BUILT_PRODUCTS_DIR)/AudioEngine.app/AudioEngine";
			};
			name = Release;
		};
		B28A78762407B26500785F53 /* Debug */ = {
			isa = XCBuildConfiguration;
			buildSettings = {
				CODE_SIGN_STYLE = Automatic;
				DEVELOPMENT_TEAM = 9CVMN4UZK4;
				INFOPLIST_FILE = AudioEngineUITests/Info.plist;
				LD_RUNPATH_SEARCH_PATHS = (
					"$(inherited)",
					"@executable_path/Frameworks",
					"@loader_path/Frameworks",
				);
				PRODUCT_BUNDLE_IDENTIFIER = cn.rongcloud.AudioEngineUITests;
				PRODUCT_NAME = "$(TARGET_NAME)";
				TARGETED_DEVICE_FAMILY = "1,2";
				TEST_TARGET_NAME = AudioEngine;
			};
			name = Debug;
		};
		B28A78772407B26500785F53 /* Release */ = {
			isa = XCBuildConfiguration;
			buildSettings = {
				CODE_SIGN_STYLE = Automatic;
				DEVELOPMENT_TEAM = 9CVMN4UZK4;
				INFOPLIST_FILE = AudioEngineUITests/Info.plist;
				LD_RUNPATH_SEARCH_PATHS = (
					"$(inherited)",
					"@executable_path/Frameworks",
					"@loader_path/Frameworks",
				);
				PRODUCT_BUNDLE_IDENTIFIER = cn.rongcloud.AudioEngineUITests;
				PRODUCT_NAME = "$(TARGET_NAME)";
				TARGETED_DEVICE_FAMILY = "1,2";
				TEST_TARGET_NAME = AudioEngine;
			};
			name = Release;
		};
/* End XCBuildConfiguration section */

/* Begin XCConfigurationList section */
		B28A783B2407B25E00785F53 /* Build configuration list for PBXProject "AudioEngine" */ = {
			isa = XCConfigurationList;
			buildConfigurations = (
				B28A786D2407B26500785F53 /* Debug */,
				B28A786E2407B26500785F53 /* Release */,
			);
			defaultConfigurationIsVisible = 0;
			defaultConfigurationName = Release;
		};
		B28A786F2407B26500785F53 /* Build configuration list for PBXNativeTarget "AudioEngine" */ = {
			isa = XCConfigurationList;
			buildConfigurations = (
				B28A78702407B26500785F53 /* Debug */,
				B28A78712407B26500785F53 /* Release */,
			);
			defaultConfigurationIsVisible = 0;
			defaultConfigurationName = Release;
		};
		B28A78722407B26500785F53 /* Build configuration list for PBXNativeTarget "AudioEngineTests" */ = {
			isa = XCConfigurationList;
			buildConfigurations = (
				B28A78732407B26500785F53 /* Debug */,
				B28A78742407B26500785F53 /* Release */,
			);
			defaultConfigurationIsVisible = 0;
			defaultConfigurationName = Release;
		};
		B28A78752407B26500785F53 /* Build configuration list for PBXNativeTarget "AudioEngineUITests" */ = {
			isa = XCConfigurationList;
			buildConfigurations = (
				B28A78762407B26500785F53 /* Debug */,
				B28A78772407B26500785F53 /* Release */,
			);
			defaultConfigurationIsVisible = 0;
			defaultConfigurationName = Release;
		};
/* End XCConfigurationList section */
	};
	rootObject = B28A78382407B25E00785F53 /* Project object */;
}
