// !$*UTF8*$!
{
	archiveVersion = 1;
	classes = {
	};
	objectVersion = 50;
	objects = {

/* Begin PBXBuildFile section */
		B26AE6C92408EAB900621829 /* AVAudioEngineTests.swift in Sources */ = {isa = PBXBuildFile; fileRef = B26AE6C82408EAB900621829 /* AVAudioEngineTests.swift */; };
		B27241AB240E443100F58A23 /* band.m4a in Resources */ = {isa = PBXBuildFile; fileRef = B27241A9240E443100F58A23 /* band.m4a */; };
		B27241AC240E443100F58A23 /* guitar.m4a in Resources */ = {isa = PBXBuildFile; fileRef = B27241AA240E443100F58A23 /* guitar.m4a */; };
		B28A78452407B25E00785F53 /* AppDelegate.m in Sources */ = {isa = PBXBuildFile; fileRef = B28A78442407B25E00785F53 /* AppDelegate.m */; };
		B28A78482407B25E00785F53 /* SceneDelegate.m in Sources */ = {isa = PBXBuildFile; fileRef = B28A78472407B25E00785F53 /* SceneDelegate.m */; };
		B28A784B2407B25E00785F53 /* ViewController.m in Sources */ = {isa = PBXBuildFile; fileRef = B28A784A2407B25E00785F53 /* ViewController.m */; };
		B28A784E2407B25E00785F53 /* Main.storyboard in Resources */ = {isa = PBXBuildFile; fileRef = B28A784C2407B25E00785F53 /* Main.storyboard */; };
		B28A78502407B26500785F53 /* Assets.xcassets in Resources */ = {isa = PBXBuildFile; fileRef = B28A784F2407B26500785F53 /* Assets.xcassets */; };
		B28A78532407B26500785F53 /* LaunchScreen.storyboard in Resources */ = {isa = PBXBuildFile; fileRef = B28A78512407B26500785F53 /* LaunchScreen.storyboard */; };
		B28A78562407B26500785F53 /* main.m in Sources */ = {isa = PBXBuildFile; fileRef = B28A78552407B26500785F53 /* main.m */; };
		B28A78602407B26500785F53 /* AudioEngineTests.m in Sources */ = {isa = PBXBuildFile; fileRef = B28A785F2407B26500785F53 /* AudioEngineTests.m */; };
		B28A786B2407B26500785F53 /* AudioEngineUITests.m in Sources */ = {isa = PBXBuildFile; fileRef = B28A786A2407B26500785F53 /* AudioEngineUITests.m */; };
		B28A78872407D09A00785F53 /* GSAudioEngine.m in Sources */ = {isa = PBXBuildFile; fileRef = B28A78862407D09A00785F53 /* GSAudioEngine.m */; };
		B28A788A2407D33D00785F53 /* GSAudioNode.m in Sources */ = {isa = PBXBuildFile; fileRef = B28A78892407D33D00785F53 /* GSAudioNode.m */; };
		B28A788D2407D38700785F53 /* GSAudioIONode.mm in Sources */ = {isa = PBXBuildFile; fileRef = B28A788C2407D38700785F53 /* GSAudioIONode.mm */; };
		B28A78902407D3EA00785F53 /* GSAudioInputNode.mm in Sources */ = {isa = PBXBuildFile; fileRef = B28A788F2407D3EA00785F53 /* GSAudioInputNode.mm */; };
		B28A78932407D40E00785F53 /* GSAudioOutputNode.mm in Sources */ = {isa = PBXBuildFile; fileRef = B28A78922407D40E00785F53 /* GSAudioOutputNode.mm */; };
		B28A78962407D44E00785F53 /* GSAudioMixerNode.mm in Sources */ = {isa = PBXBuildFile; fileRef = B28A78952407D44E00785F53 /* GSAudioMixerNode.mm */; };
		B28A78992407D47A00785F53 /* GSAudioPlayerNode.mm in Sources */ = {isa = PBXBuildFile; fileRef = B28A78982407D47A00785F53 /* GSAudioPlayerNode.mm */; };
		B28A789C2407D90400785F53 /* GSAudioUnit.m in Sources */ = {isa = PBXBuildFile; fileRef = B28A789B2407D90400785F53 /* GSAudioUnit.m */; };
/* End PBXBuildFile section */

/* Begin PBXContainerItemProxy section */
		B28A785C2407B26500785F53 /* PBXContainerItemProxy */ = {
			isa = PBXContainerItemProxy;
			containerPortal = B28A78382407B25E00785F53 /* Project object */;
			proxyType = 1;
			remoteGlobalIDString = B28A783F2407B25E00785F53;
			remoteInfo = AudioEngine;
		};
		B28A78672407B26500785F53 /* PBXContainerItemProxy */ = {
			isa = PBXContainerItemProxy;
			containerPortal = B28A78382407B25E00785F53 /* Project object */;
			proxyType = 1;
			remoteGlobalIDString = B28A783F2407B25E00785F53;
			remoteInfo = AudioEngine;
		};
/* End PBXContainerItemProxy section */

/* Begin PBXFileReference section */
		B2557E6E240D0C5B000F8DC3 /* GSAudioNode+Private.h */ = {isa = PBXFileReference; lastKnownFileType = sourcecode.c.h; path = "GSAudioNode+Private.h"; sourceTree = "<group>"; };
		B2557E71240D0D52000F8DC3 /* GSAudioUnit+Private.h */ = {isa = PBXFileReference; lastKnownFileType = sourcecode.c.h; path = "GSAudioUnit+Private.h"; sourceTree = "<group>"; };
		B26AE6C72408EAB900621829 /* AudioEngineTests-Bridging-Header.h */ = {isa = PBXFileReference; lastKnownFileType = sourcecode.c.h; path = "AudioEngineTests-Bridging-Header.h"; sourceTree = "<group>"; };
		B26AE6C82408EAB900621829 /* AVAudioEngineTests.swift */ = {isa = PBXFileReference; lastKnownFileType = sourcecode.swift; path = AVAudioEngineTests.swift; sourceTree = "<group>"; };
		B27241A9240E443100F58A23 /* band.m4a */ = {isa = PBXFileReference; lastKnownFileType = file; path = band.m4a; sourceTree = "<group>"; };
		B27241AA240E443100F58A23 /* guitar.m4a */ = {isa = PBXFileReference; lastKnownFileType = file; path = guitar.m4a; sourceTree = "<group>"; };
		B28A78402407B25E00785F53 /* AudioEngine.app */ = {isa = PBXFileReference; explicitFileType = wrapper.application; includeInIndex = 0; path = AudioEngine.app; sourceTree = BUILT_PRODUCTS_DIR; };
		B28A78432407B25E00785F53 /* AppDelegate.h */ = {isa = PBXFileReference; lastKnownFileType = sourcecode.c.h; path = AppDelegate.h; sourceTree = "<group>"; };
		B28A78442407B25E00785F53 /* AppDelegate.m */ = {isa = PBXFileReference; lastKnownFileType = sourcecode.c.objc; path = AppDelegate.m; sourceTree = "<group>"; };
		B28A78462407B25E00785F53 /* SceneDelegate.h */ = {isa = PBXFileReference; lastKnownFileType = sourcecode.c.h; path = SceneDelegate.h; sourceTree = "<group>"; };
		B28A78472407B25E00785F53 /* SceneDelegate.m */ = {isa = PBXFileReference; lastKnownFileType = sourcecode.c.objc; path = SceneDelegate.m; sourceTree = "<group>"; };
		B28A78492407B25E00785F53 /* ViewController.h */ = {isa = PBXFileReference; lastKnownFileType = sourcecode.c.h; path = ViewController.h; sourceTree = "<group>"; };
		B28A784A2407B25E00785F53 /* ViewController.m */ = {isa = PBXFileReference; lastKnownFileType = sourcecode.c.objc; path = ViewController.m; sourceTree = "<group>"; };
		B28A784D2407B25E00785F53 /* Base */ = {isa = PBXFileReference; lastKnownFileType = file.storyboard; name = Base; path = Base.lproj/Main.storyboard; sourceTree = "<group>"; };
		B28A784F2407B26500785F53 /* Assets.xcassets */ = {isa = PBXFileReference; lastKnownFileType = folder.assetcatalog; path = Assets.xcassets; sourceTree = "<group>"; };
		B28A78522407B26500785F53 /* Base */ = {isa = PBXFileReference; lastKnownFileType = file.storyboard; name = Base; path = Base.lproj/LaunchScreen.storyboard; sourceTree = "<group>"; };
		B28A78542407B26500785F53 /* Info.plist */ = {isa = PBXFileReference; lastKnownFileType = text.plist.xml; path = Info.plist; sourceTree = "<group>"; };
		B28A78552407B26500785F53 /* main.m */ = {isa = PBXFileReference; lastKnownFileType = sourcecode.c.objc; path = main.m; sourceTree = "<group>"; };
		B28A785B2407B26500785F53 /* AudioEngineTests.xctest */ = {isa = PBXFileReference; explicitFileType = wrapper.cfbundle; includeInIndex = 0; path = AudioEngineTests.xctest; sourceTree = BUILT_PRODUCTS_DIR; };
		B28A785F2407B26500785F53 /* AudioEngineTests.m */ = {isa = PBXFileReference; lastKnownFileType = sourcecode.c.objc; path = AudioEngineTests.m; sourceTree = "<group>"; };
		B28A78612407B26500785F53 /* Info.plist */ = {isa = PBXFileReference; lastKnownFileType = text.plist.xml; path = Info.plist; sourceTree = "<group>"; };
		B28A78662407B26500785F53 /* AudioEngineUITests.xctest */ = {isa = PBXFileReference; explicitFileType = wrapper.cfbundle; includeInIndex = 0; path = AudioEngineUITests.xctest; sourceTree = BUILT_PRODUCTS_DIR; };
		B28A786A2407B26500785F53 /* AudioEngineUITests.m */ = {isa = PBXFileReference; lastKnownFileType = sourcecode.c.objc; path = AudioEngineUITests.m; sourceTree = "<group>"; };
		B28A786C2407B26500785F53 /* Info.plist */ = {isa = PBXFileReference; lastKnownFileType = text.plist.xml; path = Info.plist; sourceTree = "<group>"; };
		B28A78852407D09A00785F53 /* GSAudioEngine.h */ = {isa = PBXFileReference; lastKnownFileType = sourcecode.c.h; path = GSAudioEngine.h; sourceTree = "<group>"; };
		B28A78862407D09A00785F53 /* GSAudioEngine.m */ = {isa = PBXFileReference; lastKnownFileType = sourcecode.c.objc; path = GSAudioEngine.m; sourceTree = "<group>"; };
		B28A78882407D33D00785F53 /* GSAudioNode.h */ = {isa = PBXFileReference; lastKnownFileType = sourcecode.c.h; path = GSAudioNode.h; sourceTree = "<group>"; };
		B28A78892407D33D00785F53 /* GSAudioNode.m */ = {isa = PBXFileReference; lastKnownFileType = sourcecode.c.objc; path = GSAudioNode.m; sourceTree = "<group>"; };
		B28A788B2407D38700785F53 /* GSAudioIONode.h */ = {isa = PBXFileReference; lastKnownFileType = sourcecode.c.h; path = GSAudioIONode.h; sourceTree = "<group>"; };
		B28A788C2407D38700785F53 /* GSAudioIONode.mm */ = {isa = PBXFileReference; lastKnownFileType = sourcecode.cpp.objcpp; path = GSAudioIONode.mm; sourceTree = "<group>"; };
		B28A788E2407D3EA00785F53 /* GSAudioInputNode.h */ = {isa = PBXFileReference; lastKnownFileType = sourcecode.c.h; path = GSAudioInputNode.h; sourceTree = "<group>"; };
		B28A788F2407D3EA00785F53 /* GSAudioInputNode.mm */ = {isa = PBXFileReference; lastKnownFileType = sourcecode.cpp.objcpp; path = GSAudioInputNode.mm; sourceTree = "<group>"; };
		B28A78912407D40E00785F53 /* GSAudioOutputNode.h */ = {isa = PBXFileReference; lastKnownFileType = sourcecode.c.h; path = GSAudioOutputNode.h; sourceTree = "<group>"; };
		B28A78922407D40E00785F53 /* GSAudioOutputNode.mm */ = {isa = PBXFileReference; lastKnownFileType = sourcecode.cpp.objcpp; path = GSAudioOutputNode.mm; sourceTree = "<group>"; };
		B28A78942407D44E00785F53 /* GSAudioMixerNode.h */ = {isa = PBXFileReference; lastKnownFileType = sourcecode.c.h; path = GSAudioMixerNode.h; sourceTree = "<group>"; };
		B28A78952407D44E00785F53 /* GSAudioMixerNode.mm */ = {isa = PBXFileReference; lastKnownFileType = sourcecode.cpp.objcpp; path = GSAudioMixerNode.mm; sourceTree = "<group>"; };
		B28A78972407D47A00785F53 /* GSAudioPlayerNode.h */ = {isa = PBXFileReference; lastKnownFileType = sourcecode.c.h; path = GSAudioPlayerNode.h; sourceTree = "<group>"; };
		B28A78982407D47A00785F53 /* GSAudioPlayerNode.mm */ = {isa = PBXFileReference; lastKnownFileType = sourcecode.cpp.objcpp; path = GSAudioPlayerNode.mm; sourceTree = "<group>"; };
		B28A789A2407D90400785F53 /* GSAudioUnit.h */ = {isa = PBXFileReference; lastKnownFileType = sourcecode.c.h; path = GSAudioUnit.h; sourceTree = "<group>"; };
		B28A789B2407D90400785F53 /* GSAudioUnit.m */ = {isa = PBXFileReference; lastKnownFileType = sourcecode.c.objc; path = GSAudioUnit.m; sourceTree = "<group>"; };
		B28A78A42408BE0C00785F53 /* GSAudioEngineStructures.h */ = {isa = PBXFileReference; lastKnownFileType = sourcecode.c.h; path = GSAudioEngineStructures.h; sourceTree = "<group>"; };
		B28A78A72408BFC600785F53 /* libc++.tbd */ = {isa = PBXFileReference; lastKnownFileType = "sourcecode.text-based-dylib-definition"; name = "libc++.tbd"; path = "usr/lib/libc++.tbd"; sourceTree = SDKROOT; };
/* End PBXFileReference section */

/* Begin PBXFrameworksBuildPhase section */
		B28A783D2407B25E00785F53 /* Frameworks */ = {
			isa = PBXFrameworksBuildPhase;
			buildActionMask = 2147483647;
			files = (
			);
			runOnlyForDeploymentPostprocessing = 0;
		};
		B28A78582407B26500785F53 /* Frameworks */ = {
			isa = PBXFrameworksBuildPhase;
			buildActionMask = 2147483647;
			files = (
			);
			runOnlyForDeploymentPostprocessing = 0;
		};
		B28A78632407B26500785F53 /* Frameworks */ = {
			isa = PBXFrameworksBuildPhase;
			buildActionMask = 2147483647;
			files = (
			);
			runOnlyForDeploymentPostprocessing = 0;
		};
/* End PBXFrameworksBuildPhase section */

/* Begin PBXGroup section */
		B28A78372407B25E00785F53 = {
			isa = PBXGroup;
			children = (
				B28A78422407B25E00785F53 /* AudioEngine */,
				B28A785E2407B26500785F53 /* AudioEngineTests */,
				B28A78692407B26500785F53 /* AudioEngineUITests */,
				B28A78412407B25E00785F53 /* Products */,
				B28A78A62408BFC600785F53 /* Frameworks */,
			);
			sourceTree = "<group>";
		};
		B28A78412407B25E00785F53 /* Products */ = {
			isa = PBXGroup;
			children = (
				B28A78402407B25E00785F53 /* AudioEngine.app */,
				B28A785B2407B26500785F53 /* AudioEngineTests.xctest */,
				B28A78662407B26500785F53 /* AudioEngineUITests.xctest */,
			);
			name = Products;
			sourceTree = "<group>";
		};
		B28A78422407B25E00785F53 /* AudioEngine */ = {
			isa = PBXGroup;
			children = (
				B28A787D2407B51400785F53 /* resources */,
				B28A78432407B25E00785F53 /* AppDelegate.h */,
				B28A78442407B25E00785F53 /* AppDelegate.m */,
				B28A78462407B25E00785F53 /* SceneDelegate.h */,
				B28A78472407B25E00785F53 /* SceneDelegate.m */,
				B28A78492407B25E00785F53 /* ViewController.h */,
				B28A784A2407B25E00785F53 /* ViewController.m */,
				B28A78852407D09A00785F53 /* GSAudioEngine.h */,
				B28A78862407D09A00785F53 /* GSAudioEngine.m */,
				B28A789A2407D90400785F53 /* GSAudioUnit.h */,
				B28A789B2407D90400785F53 /* GSAudioUnit.m */,
				B2557E71240D0D52000F8DC3 /* GSAudioUnit+Private.h */,
				B28A78882407D33D00785F53 /* GSAudioNode.h */,
				B28A78892407D33D00785F53 /* GSAudioNode.m */,
				B2557E6E240D0C5B000F8DC3 /* GSAudioNode+Private.h */,
				B28A78942407D44E00785F53 /* GSAudioMixerNode.h */,
				B28A78952407D44E00785F53 /* GSAudioMixerNode.mm */,
				B28A78A42408BE0C00785F53 /* GSAudioEngineStructures.h */,
				B28A78972407D47A00785F53 /* GSAudioPlayerNode.h */,
				B28A78982407D47A00785F53 /* GSAudioPlayerNode.mm */,
				B28A788B2407D38700785F53 /* GSAudioIONode.h */,
				B28A788C2407D38700785F53 /* GSAudioIONode.mm */,
				B28A788E2407D3EA00785F53 /* GSAudioInputNode.h */,
				B28A788F2407D3EA00785F53 /* GSAudioInputNode.mm */,
				B28A78912407D40E00785F53 /* GSAudioOutputNode.h */,
				B28A78922407D40E00785F53 /* GSAudioOutputNode.mm */,
				B28A784C2407B25E00785F53 /* Main.storyboard */,
				B28A784F2407B26500785F53 /* Assets.xcassets */,
				B28A78512407B26500785F53 /* LaunchScreen.storyboard */,
				B28A78542407B26500785F53 /* Info.plist */,
				B28A78552407B26500785F53 /* main.m */,
			);
			path = AudioEngine;
			sourceTree = "<group>";
		};
		B28A785E2407B26500785F53 /* AudioEngineTests */ = {
			isa = PBXGroup;
			children = (
				B28A785F2407B26500785F53 /* AudioEngineTests.m */,
				B26AE6C82408EAB900621829 /* AVAudioEngineTests.swift */,
				B28A78612407B26500785F53 /* Info.plist */,
				B26AE6C72408EAB900621829 /* AudioEngineTests-Bridging-Header.h */,
			);
			path = AudioEngineTests;
			sourceTree = "<group>";
		};
		B28A78692407B26500785F53 /* AudioEngineUITests */ = {
			isa = PBXGroup;
			children = (
				B28A786A2407B26500785F53 /* AudioEngineUITests.m */,
				B28A786C2407B26500785F53 /* Info.plist */,
			);
			path = AudioEngineUITests;
			sourceTree = "<group>";
		};
		B28A787D2407B51400785F53 /* resources */ = {
			isa = PBXGroup;
			children = (
				B27241A9240E443100F58A23 /* band.m4a */,
				B27241AA240E443100F58A23 /* guitar.m4a */,
			);
			path = resources;
			sourceTree = "<group>";
		};
		B28A78A62408BFC600785F53 /* Frameworks */ = {
			isa = PBXGroup;
			children = (
				B28A78A72408BFC600785F53 /* libc++.tbd */,
			);
			name = Frameworks;
			sourceTree = "<group>";
		};
/* End PBXGroup section */

/* Begin PBXNativeTarget section */
		B28A783F2407B25E00785F53 /* AudioEngine */ = {
			isa = PBXNativeTarget;
			buildConfigurationList = B28A786F2407B26500785F53 /* Build configuration list for PBXNativeTarget "AudioEngine" */;
			buildPhases = (
				B28A783C2407B25E00785F53 /* Sources */,
				B28A783D2407B25E00785F53 /* Frameworks */,
				B28A783E2407B25E00785F53 /* Resources */,
			);
			buildRules = (
			);
			dependencies = (
			);
			name = AudioEngine;
			productName = AudioEngine;
			productReference = B28A78402407B25E00785F53 /* AudioEngine.app */;
			productType = "com.apple.product-type.application";
		};
		B28A785A2407B26500785F53 /* AudioEngineTests */ = {
			isa = PBXNativeTarget;
			buildConfigurationList = B28A78722407B26500785F53 /* Build configuration list for PBXNativeTarget "AudioEngineTests" */;
			buildPhases = (
				B28A78572407B26500785F53 /* Sources */,
				B28A78582407B26500785F53 /* Frameworks */,
				B28A78592407B26500785F53 /* Resources */,
			);
			buildRules = (
			);
			dependencies = (
				B28A785D2407B26500785F53 /* PBXTargetDependency */,
			);
			name = AudioEngineTests;
			productName = AudioEngineTests;
			productReference = B28A785B2407B26500785F53 /* AudioEngineTests.xctest */;
			productType = "com.apple.product-type.bundle.unit-test";
		};
		B28A78652407B26500785F53 /* AudioEngineUITests */ = {
			isa = PBXNativeTarget;
			buildConfigurationList = B28A78752407B26500785F53 /* Build configuration list for PBXNativeTarget "AudioEngineUITests" */;
			buildPhases = (
				B28A78622407B26500785F53 /* Sources */,
				B28A78632407B26500785F53 /* Frameworks */,
				B28A78642407B26500785F53 /* Resources */,
			);
			buildRules = (
			);
			dependencies = (
				B28A78682407B26500785F53 /* PBXTargetDependency */,
			);
			name = AudioEngineUITests;
			productName = AudioEngineUITests;
			productReference = B28A78662407B26500785F53 /* AudioEngineUITests.xctest */;
			productType = "com.apple.product-type.bundle.ui-testing";
		};
/* End PBXNativeTarget section */

/* Begin PBXProject section */
		B28A78382407B25E00785F53 /* Project object */ = {
			isa = PBXProject;
			attributes = {
				LastUpgradeCheck = 1130;
				ORGANIZATIONNAME = rongcloud;
				TargetAttributes = {
					B28A783F2407B25E00785F53 = {
						CreatedOnToolsVersion = 11.3.1;
					};
					B28A785A2407B26500785F53 = {
						CreatedOnToolsVersion = 11.3.1;
						LastSwiftMigration = 1130;
						TestTargetID = B28A783F2407B25E00785F53;
					};
					B28A78652407B26500785F53 = {
						CreatedOnToolsVersion = 11.3.1;
						TestTargetID = B28A783F2407B25E00785F53;
					};
				};
			};
			buildConfigurationList = B28A783B2407B25E00785F53 /* Build configuration list for PBXProject "AudioEngine" */;
			compatibilityVersion = "Xcode 9.3";
			developmentRegion = en;
			hasScannedForEncodings = 0;
			knownRegions = (
				en,
				Base,
			);
			mainGroup = B28A78372407B25E00785F53;
			productRefGroup = B28A78412407B25E00785F53 /* Products */;
			projectDirPath = "";
			projectRoot = "";
			targets = (
				B28A783F2407B25E00785F53 /* AudioEngine */,
				B28A785A2407B26500785F53 /* AudioEngineTests */,
				B28A78652407B26500785F53 /* AudioEngineUITests */,
			);
		};
/* End PBXProject section */

/* Begin PBXResourcesBuildPhase section */
		B28A783E2407B25E00785F53 /* Resources */ = {
			isa = PBXResourcesBuildPhase;
			buildActionMask = 2147483647;
			files = (
				B27241AC240E443100F58A23 /* guitar.m4a in Resources */,
				B28A78532407B26500785F53 /* LaunchScreen.storyboard in Resources */,
				B27241AB240E443100F58A23 /* band.m4a in Resources */,
				B28A78502407B26500785F53 /* Assets.xcassets in Resources */,
				B28A784E2407B25E00785F53 /* Main.storyboard in Resources */,
			);
			runOnlyForDeploymentPostprocessing = 0;
		};
		B28A78592407B26500785F53 /* Resources */ = {
			isa = PBXResourcesBuildPhase;
			buildActionMask = 2147483647;
			files = (
			);
			runOnlyForDeploymentPostprocessing = 0;
		};
		B28A78642407B26500785F53 /* Resources */ = {
			isa = PBXResourcesBuildPhase;
			buildActionMask = 2147483647;
			files = (
			);
			runOnlyForDeploymentPostprocessing = 0;
		};
/* End PBXResourcesBuildPhase section */

/* Begin PBXSourcesBuildPhase section */
		B28A783C2407B25E00785F53 /* Sources */ = {
			isa = PBXSourcesBuildPhase;
			buildActionMask = 2147483647;
			files = (
				B28A78872407D09A00785F53 /* GSAudioEngine.m in Sources */,
				B28A784B2407B25E00785F53 /* ViewController.m in Sources */,
				B28A78452407B25E00785F53 /* AppDelegate.m in Sources */,
				B28A788D2407D38700785F53 /* GSAudioIONode.mm in Sources */,
				B28A78962407D44E00785F53 /* GSAudioMixerNode.mm in Sources */,
				B28A78992407D47A00785F53 /* GSAudioPlayerNode.mm in Sources */,
				B28A78562407B26500785F53 /* main.m in Sources */,
				B28A78902407D3EA00785F53 /* GSAudioInputNode.mm in Sources */,
				B28A789C2407D90400785F53 /* GSAudioUnit.m in Sources */,
				B28A78932407D40E00785F53 /* GSAudioOutputNode.mm in Sources */,
				B28A788A2407D33D00785F53 /* GSAudioNode.m in Sources */,
				B28A78482407B25E00785F53 /* SceneDelegate.m in Sources */,
			);
			runOnlyForDeploymentPostprocessing = 0;
		};
		B28A78572407B26500785F53 /* Sources */ = {
			isa = PBXSourcesBuildPhase;
			buildActionMask = 2147483647;
			files = (
				B28A78602407B26500785F53 /* AudioEngineTests.m in Sources */,
				B26AE6C92408EAB900621829 /* AVAudioEngineTests.swift in Sources */,
			);
			runOnlyForDeploymentPostprocessing = 0;
		};
		B28A78622407B26500785F53 /* Sources */ = {
			isa = PBXSourcesBuildPhase;
			buildActionMask = 2147483647;
			files = (
				B28A786B2407B26500785F53 /* AudioEngineUITests.m in Sources */,
			);
			runOnlyForDeploymentPostprocessing = 0;
		};
/* End PBXSourcesBuildPhase section */

/* Begin PBXTargetDependency section */
		B28A785D2407B26500785F53 /* PBXTargetDependency */ = {
			isa = PBXTargetDependency;
			target = B28A783F2407B25E00785F53 /* AudioEngine */;
			targetProxy = B28A785C2407B26500785F53 /* PBXContainerItemProxy */;
		};
		B28A78682407B26500785F53 /* PBXTargetDependency */ = {
			isa = PBXTargetDependency;
			target = B28A783F2407B25E00785F53 /* AudioEngine */;
			targetProxy = B28A78672407B26500785F53 /* PBXContainerItemProxy */;
		};
/* End PBXTargetDependency section */

/* Begin PBXVariantGroup section */
		B28A784C2407B25E00785F53 /* Main.storyboard */ = {
			isa = PBXVariantGroup;
			children = (
				B28A784D2407B25E00785F53 /* Base */,
			);
			name = Main.storyboard;
			sourceTree = "<group>";
		};
		B28A78512407B26500785F53 /* LaunchScreen.storyboard */ = {
			isa = PBXVariantGroup;
			children = (
				B28A78522407B26500785F53 /* Base */,
			);
			name = LaunchScreen.storyboard;
			sourceTree = "<group>";
		};
/* End PBXVariantGroup section */

/* Begin XCBuildConfiguration section */
		B28A786D2407B26500785F53 /* Debug */ = {
			isa = XCBuildConfiguration;
			buildSettings = {
				ALWAYS_SEARCH_USER_PATHS = NO;
				CLANG_ANALYZER_NONNULL = YES;
				CLANG_ANALYZER_NUMBER_OBJECT_CONVERSION = YES_AGGRESSIVE;
				CLANG_CXX_LANGUAGE_STANDARD = "gnu++14";
				CLANG_CXX_LIBRARY = "libc++";
				CLANG_ENABLE_MODULES = YES;
				CLANG_ENABLE_OBJC_ARC = YES;
				CLANG_ENABLE_OBJC_WEAK = YES;
				CLANG_WARN_BLOCK_CAPTURE_AUTORELEASING = YES;
				CLANG_WARN_BOOL_CONVERSION = YES;
				CLANG_WARN_COMMA = YES;
				CLANG_WARN_CONSTANT_CONVERSION = YES;
				CLANG_WARN_DEPRECATED_OBJC_IMPLEMENTATIONS = YES;
				CLANG_WARN_DIRECT_OBJC_ISA_USAGE = YES_ERROR;
				CLANG_WARN_DOCUMENTATION_COMMENTS = YES;
				CLANG_WARN_EMPTY_BODY = YES;
				CLANG_WARN_ENUM_CONVERSION = YES;
				CLANG_WARN_INFINITE_RECURSION = YES;
				CLANG_WARN_INT_CONVERSION = YES;
				CLANG_WARN_NON_LITERAL_NULL_CONVERSION = YES;
				CLANG_WARN_OBJC_IMPLICIT_RETAIN_SELF = YES;
				CLANG_WARN_OBJC_LITERAL_CONVERSION = YES;
				CLANG_WARN_OBJC_ROOT_CLASS = YES_ERROR;
				CLANG_WARN_RANGE_LOOP_ANALYSIS = YES;
				CLANG_WARN_STRICT_PROTOTYPES = YES;
				CLANG_WARN_SUSPICIOUS_MOVE = YES;
				CLANG_WARN_UNGUARDED_AVAILABILITY = YES_AGGRESSIVE;
				CLANG_WARN_UNREACHABLE_CODE = YES;
				CLANG_WARN__DUPLICATE_METHOD_MATCH = YES;
				COPY_PHASE_STRIP = NO;
				DEBUG_INFORMATION_FORMAT = dwarf;
				ENABLE_STRICT_OBJC_MSGSEND = YES;
				ENABLE_TESTABILITY = YES;
				GCC_C_LANGUAGE_STANDARD = gnu11;
				GCC_DYNAMIC_NO_PIC = NO;
				GCC_NO_COMMON_BLOCKS = YES;
				GCC_OPTIMIZATION_LEVEL = 0;
				GCC_PREPROCESSOR_DEFINITIONS = (
					"DEBUG=1",
					"$(inherited)",
				);
				GCC_WARN_64_TO_32_BIT_CONVERSION = YES;
				GCC_WARN_ABOUT_RETURN_TYPE = YES_ERROR;
				GCC_WARN_UNDECLARED_SELECTOR = YES;
				GCC_WARN_UNINITIALIZED_AUTOS = YES_AGGRESSIVE;
				GCC_WARN_UNUSED_FUNCTION = YES;
				GCC_WARN_UNUSED_VARIABLE = YES;
				IPHONEOS_DEPLOYMENT_TARGET = 13.2;
				MTL_ENABLE_DEBUG_INFO = INCLUDE_SOURCE;
				MTL_FAST_MATH = YES;
				ONLY_ACTIVE_ARCH = YES;
				SDKROOT = iphoneos;
			};
			name = Debug;
		};
		B28A786E2407B26500785F53 /* Release */ = {
			isa = XCBuildConfiguration;
			buildSettings = {
				ALWAYS_SEARCH_USER_PATHS = NO;
				CLANG_ANALYZER_NONNULL = YES;
				CLANG_ANALYZER_NUMBER_OBJECT_CONVERSION = YES_AGGRESSIVE;
				CLANG_CXX_LANGUAGE_STANDARD = "gnu++14";
				CLANG_CXX_LIBRARY = "libc++";
				CLANG_ENABLE_MODULES = YES;
				CLANG_ENABLE_OBJC_ARC = YES;
				CLANG_ENABLE_OBJC_WEAK = YES;
				CLANG_WARN_BLOCK_CAPTURE_AUTORELEASING = YES;
				CLANG_WARN_BOOL_CONVERSION = YES;
				CLANG_WARN_COMMA = YES;
				CLANG_WARN_CONSTANT_CONVERSION = YES;
				CLANG_WARN_DEPRECATED_OBJC_IMPLEMENTATIONS = YES;
				CLANG_WARN_DIRECT_OBJC_ISA_USAGE = YES_ERROR;
				CLANG_WARN_DOCUMENTATION_COMMENTS = YES;
				CLANG_WARN_EMPTY_BODY = YES;
				CLANG_WARN_ENUM_CONVERSION = YES;
				CLANG_WARN_INFINITE_RECURSION = YES;
				CLANG_WARN_INT_CONVERSION = YES;
				CLANG_WARN_NON_LITERAL_NULL_CONVERSION = YES;
				CLANG_WARN_OBJC_IMPLICIT_RETAIN_SELF = YES;
				CLANG_WARN_OBJC_LITERAL_CONVERSION = YES;
				CLANG_WARN_OBJC_ROOT_CLASS = YES_ERROR;
				CLANG_WARN_RANGE_LOOP_ANALYSIS = YES;
				CLANG_WARN_STRICT_PROTOTYPES = YES;
				CLANG_WARN_SUSPICIOUS_MOVE = YES;
				CLANG_WARN_UNGUARDED_AVAILABILITY = YES_AGGRESSIVE;
				CLANG_WARN_UNREACHABLE_CODE = YES;
				CLANG_WARN__DUPLICATE_METHOD_MATCH = YES;
				COPY_PHASE_STRIP = NO;
				DEBUG_INFORMATION_FORMAT = "dwarf-with-dsym";
				ENABLE_NS_ASSERTIONS = NO;
				ENABLE_STRICT_OBJC_MSGSEND = YES;
				GCC_C_LANGUAGE_STANDARD = gnu11;
				GCC_NO_COMMON_BLOCKS = YES;
				GCC_WARN_64_TO_32_BIT_CONVERSION = YES;
				GCC_WARN_ABOUT_RETURN_TYPE = YES_ERROR;
				GCC_WARN_UNDECLARED_SELECTOR = YES;
				GCC_WARN_UNINITIALIZED_AUTOS = YES_AGGRESSIVE;
				GCC_WARN_UNUSED_FUNCTION = YES;
				GCC_WARN_UNUSED_VARIABLE = YES;
				IPHONEOS_DEPLOYMENT_TARGET = 13.2;
				MTL_ENABLE_DEBUG_INFO = NO;
				MTL_FAST_MATH = YES;
				SDKROOT = iphoneos;
				VALIDATE_PRODUCT = YES;
			};
			name = Release;
		};
		B28A78702407B26500785F53 /* Debug */ = {
			isa = XCBuildConfiguration;
			buildSettings = {
				ASSETCATALOG_COMPILER_APPICON_NAME = AppIcon;
				CODE_SIGN_STYLE = Automatic;
				DEVELOPMENT_TEAM = 9CVMN4UZK4;
				GCC_INPUT_FILETYPE = automatic;
				INFOPLIST_FILE = AudioEngine/Info.plist;
				IPHONEOS_DEPLOYMENT_TARGET = 9.0;
				LD_RUNPATH_SEARCH_PATHS = (
					"$(inherited)",
					"@executable_path/Frameworks",
				);
				PRODUCT_BUNDLE_IDENTIFIER = cn.rongcloud.AudioEngine;
				PRODUCT_NAME = "$(TARGET_NAME)";
				TARGETED_DEVICE_FAMILY = "1,2";
			};
			name = Debug;
		};
		B28A78712407B26500785F53 /* Release */ = {
			isa = XCBuildConfiguration;
			buildSettings = {
				ASSETCATALOG_COMPILER_APPICON_NAME = AppIcon;
				CODE_SIGN_STYLE = Automatic;
				DEVELOPMENT_TEAM = 9CVMN4UZK4;
				GCC_INPUT_FILETYPE = automatic;
				INFOPLIST_FILE = AudioEngine/Info.plist;
				IPHONEOS_DEPLOYMENT_TARGET = 9.0;
				LD_RUNPATH_SEARCH_PATHS = (
					"$(inherited)",
					"@executable_path/Frameworks",
				);
				PRODUCT_BUNDLE_IDENTIFIER = cn.rongcloud.AudioEngine;
				PRODUCT_NAME = "$(TARGET_NAME)";
				TARGETED_DEVICE_FAMILY = "1,2";
			};
			name = Release;
		};
		B28A78732407B26500785F53 /* Debug */ = {
			isa = XCBuildConfiguration;
			buildSettings = {
				BUNDLE_LOADER = "$(TEST_HOST)";
				CLANG_ENABLE_MODULES = YES;
				CODE_SIGN_STYLE = Automatic;
				DEVELOPMENT_TEAM = 9CVMN4UZK4;
				INFOPLIST_FILE = AudioEngineTests/Info.plist;
				IPHONEOS_DEPLOYMENT_TARGET = 13.2;
				LD_RUNPATH_SEARCH_PATHS = (
					"$(inherited)",
					"@executable_path/Frameworks",
					"@loader_path/Frameworks",
				);
				PRODUCT_BUNDLE_IDENTIFIER = cn.rongcloud.AudioEngineTests;
				PRODUCT_NAME = "$(TARGET_NAME)";
				SWIFT_OBJC_BRIDGING_HEADER = "AudioEngineTests/AudioEngineTests-Bridging-Header.h";
				SWIFT_OPTIMIZATION_LEVEL = "-Onone";
				SWIFT_VERSION = 5.0;
				TARGETED_DEVICE_FAMILY = "1,2";
				TEST_HOST = "$(BUILT_PRODUCTS_DIR)/AudioEngine.app/AudioEngine";
			};
			name = Debug;
		};
		B28A78742407B26500785F53 /* Release */ = {
			isa = XCBuildConfiguration;
			buildSettings = {
				BUNDLE_LOADER = "$(TEST_HOST)";
				CLANG_ENABLE_MODULES = YES;
				CODE_SIGN_STYLE = Automatic;
				DEVELOPMENT_TEAM = 9CVMN4UZK4;
				INFOPLIST_FILE = AudioEngineTests/Info.plist;
				IPHONEOS_DEPLOYMENT_TARGET = 13.2;
				LD_RUNPATH_SEARCH_PATHS = (
					"$(inherited)",
					"@executable_path/Frameworks",
					"@loader_path/Frameworks",
				);
				PRODUCT_BUNDLE_IDENTIFIER = cn.rongcloud.AudioEngineTests;
				PRODUCT_NAME = "$(TARGET_NAME)";
				SWIFT_OBJC_BRIDGING_HEADER = "AudioEngineTests/AudioEngineTests-Bridging-Header.h";
				SWIFT_VERSION = 5.0;
				TARGETED_DEVICE_FAMILY = "1,2";
				TEST_HOST = "$(BUILT_PRODUCTS_DIR)/AudioEngine.app/AudioEngine";
			};
			name = Release;
		};
		B28A78762407B26500785F53 /* Debug */ = {
			isa = XCBuildConfiguration;
			buildSettings = {
				CODE_SIGN_STYLE = Automatic;
				DEVELOPMENT_TEAM = 9CVMN4UZK4;
				INFOPLIST_FILE = AudioEngineUITests/Info.plist;
				LD_RUNPATH_SEARCH_PATHS = (
					"$(inherited)",
					"@executable_path/Frameworks",
					"@loader_path/Frameworks",
				);
				PRODUCT_BUNDLE_IDENTIFIER = cn.rongcloud.AudioEngineUITests;
				PRODUCT_NAME = "$(TARGET_NAME)";
				TARGETED_DEVICE_FAMILY = "1,2";
				TEST_TARGET_NAME = AudioEngine;
			};
			name = Debug;
		};
		B28A78772407B26500785F53 /* Release */ = {
			isa = XCBuildConfiguration;
			buildSettings = {
				CODE_SIGN_STYLE = Automatic;
				DEVELOPMENT_TEAM = 9CVMN4UZK4;
				INFOPLIST_FILE = AudioEngineUITests/Info.plist;
				LD_RUNPATH_SEARCH_PATHS = (
					"$(inherited)",
					"@executable_path/Frameworks",
					"@loader_path/Frameworks",
				);
				PRODUCT_BUNDLE_IDENTIFIER = cn.rongcloud.AudioEngineUITests;
				PRODUCT_NAME = "$(TARGET_NAME)";
				TARGETED_DEVICE_FAMILY = "1,2";
				TEST_TARGET_NAME = AudioEngine;
			};
			name = Release;
		};
/* End XCBuildConfiguration section */

/* Begin XCConfigurationList section */
		B28A783B2407B25E00785F53 /* Build configuration list for PBXProject "AudioEngine" */ = {
			isa = XCConfigurationList;
			buildConfigurations = (
				B28A786D2407B26500785F53 /* Debug */,
				B28A786E2407B26500785F53 /* Release */,
			);
			defaultConfigurationIsVisible = 0;
			defaultConfigurationName = Release;
		};
		B28A786F2407B26500785F53 /* Build configuration list for PBXNativeTarget "AudioEngine" */ = {
			isa = XCConfigurationList;
			buildConfigurations = (
				B28A78702407B26500785F53 /* Debug */,
				B28A78712407B26500785F53 /* Release */,
			);
			defaultConfigurationIsVisible = 0;
			defaultConfigurationName = Release;
		};
		B28A78722407B26500785F53 /* Build configuration list for PBXNativeTarget "AudioEngineTests" */ = {
			isa = XCConfigurationList;
			buildConfigurations = (
				B28A78732407B26500785F53 /* Debug */,
				B28A78742407B26500785F53 /* Release */,
			);
			defaultConfigurationIsVisible = 0;
			defaultConfigurationName = Release;
		};
		B28A78752407B26500785F53 /* Build configuration list for PBXNativeTarget "AudioEngineUITests" */ = {
			isa = XCConfigurationList;
			buildConfigurations = (
				B28A78762407B26500785F53 /* Debug */,
				B28A78772407B26500785F53 /* Release */,
			);
			defaultConfigurationIsVisible = 0;
			defaultConfigurationName = Release;
		};
/* End XCConfigurationList section */
	};
	rootObject = B28A78382407B25E00785F53 /* Project object */;
}
